
Microsoft Visual Studio Solution File, Format Version 12.00
# Visual Studio Version 17
VisualStudioVersion = 17.12.35707.178
MinimumVisualStudioVersion = 10.0.40219.1
Project("{FAE04EC0-301F-11D3-BF4B-00C04F79EFBC}") = "CryptographCredentials", "CryptographCredentials\CryptographCredentials.csproj", "{C9BB9659-1EAC-4974-8F3C-8CF4C8D4D3DC}"
EndProject
Project("{2150E333-8FDC-42A3-9474-1A3956D46DE8}") = "1 - Services", "1 - Services", "{37BCC5E2-4144-42E5-A36E-AAD3B43A2A0D}"
EndProject
Project("{2150E333-8FDC-42A3-9474-1A3956D46DE8}") = "2 - Application", "2 - Application", "{441ADA89-31C7-47D5-A89D-2FBDB509CF80}"
EndProject
Project("{2150E333-8FDC-42A3-9474-1A3956D46DE8}") = "4 - Infra", "4 - Infra", "{DB5EB64B-B7E6-4CD8-9B02-898348D0A2ED}"
EndProject
Project("{FAE04EC0-301F-11D3-BF4B-00C04F79EFBC}") = "CryptographCredentials.IoC", "IoC\CryptographCredentials.IoC.csproj", "{F4222E02-6E10-4D36-9DEE-4F5F82E40EA3}"
EndProject
Project("{FAE04EC0-301F-11D3-BF4B-00C04F79EFBC}") = "Service.CryptographCredentials", "Service.CryptographCredentials\Service.CryptographCredentials.csproj", "{29DDA763-B940-474B-91FB-F8771225D994}"
EndProject
Project("{2150E333-8FDC-42A3-9474-1A3956D46DE8}") = "3 - Domain", "3 - Domain", "{DD4C4027-55C4-4015-AEE1-1082258EE4EE}"
EndProject
Project("{FAE04EC0-301F-11D3-BF4B-00C04F79EFBC}") = "CryptographCredentials.Domain", "Entities\CryptographCredentials.Domain.csproj", "{5E9494ED-AA7D-4317-8DD9-7DB9E26EE83E}"
EndProject
Project("{FAE04EC0-301F-11D3-BF4B-00C04F79EFBC}") = "CryptographCredentials.Framework", "CryptographCredentials.Framework\CryptographCredentials.Framework.csproj", "{523A0FD8-3805-4509-B1CC-6D347B7EC522}"
EndProject
Global
	GlobalSection(SolutionConfigurationPlatforms) = preSolution
		Debug|Any CPU = Debug|Any CPU
		Release|Any CPU = Release|Any CPU
	EndGlobalSection
	GlobalSection(ProjectConfigurationPlatforms) = postSolution
		{C9BB9659-1EAC-4974-8F3C-8CF4C8D4D3DC}.Debug|Any CPU.ActiveCfg = Debug|Any CPU
		{C9BB9659-1EAC-4974-8F3C-8CF4C8D4D3DC}.Debug|Any CPU.Build.0 = Debug|Any CPU
		{C9BB9659-1EAC-4974-8F3C-8CF4C8D4D3DC}.Release|Any CPU.ActiveCfg = Release|Any CPU
		{C9BB9659-1EAC-4974-8F3C-8CF4C8D4D3DC}.Release|Any CPU.Build.0 = Release|Any CPU
		{F4222E02-6E10-4D36-9DEE-4F5F82E40EA3}.Debug|Any CPU.ActiveCfg = Debug|Any CPU
		{F4222E02-6E10-4D36-9DEE-4F5F82E40EA3}.Debug|Any CPU.Build.0 = Debug|Any CPU
		{F4222E02-6E10-4D36-9DEE-4F5F82E40EA3}.Release|Any CPU.ActiveCfg = Release|Any CPU
		{F4222E02-6E10-4D36-9DEE-4F5F82E40EA3}.Release|Any CPU.Build.0 = Release|Any CPU
		{29DDA763-B940-474B-91FB-F8771225D994}.Debug|Any CPU.ActiveCfg = Debug|Any CPU
		{29DDA763-B940-474B-91FB-F8771225D994}.Debug|Any CPU.Build.0 = Debug|Any CPU
		{29DDA763-B940-474B-91FB-F8771225D994}.Release|Any CPU.ActiveCfg = Release|Any CPU
		{29DDA763-B940-474B-91FB-F8771225D994}.Release|Any CPU.Build.0 = Release|Any CPU
		{5E9494ED-AA7D-4317-8DD9-7DB9E26EE83E}.Debug|Any CPU.ActiveCfg = Debug|Any CPU
		{5E9494ED-AA7D-4317-8DD9-7DB9E26EE83E}.Debug|Any CPU.Build.0 = Debug|Any CPU
		{5E9494ED-AA7D-4317-8DD9-7DB9E26EE83E}.Release|Any CPU.ActiveCfg = Release|Any CPU
		{5E9494ED-AA7D-4317-8DD9-7DB9E26EE83E}.Release|Any CPU.Build.0 = Release|Any CPU
		{523A0FD8-3805-4509-B1CC-6D347B7EC522}.Debug|Any CPU.ActiveCfg = Debug|Any CPU
		{523A0FD8-3805-4509-B1CC-6D347B7EC522}.Debug|Any CPU.Build.0 = Debug|Any CPU
		{523A0FD8-3805-4509-B1CC-6D347B7EC522}.Release|Any CPU.ActiveCfg = Release|Any CPU
		{523A0FD8-3805-4509-B1CC-6D347B7EC522}.Release|Any CPU.Build.0 = Release|Any CPU
	EndGlobalSection
	GlobalSection(SolutionProperties) = preSolution
		HideSolutionNode = FALSE
	EndGlobalSection
	GlobalSection(NestedProjects) = preSolution
		{C9BB9659-1EAC-4974-8F3C-8CF4C8D4D3DC} = {37BCC5E2-4144-42E5-A36E-AAD3B43A2A0D}
		{F4222E02-6E10-4D36-9DEE-4F5F82E40EA3} = {DB5EB64B-B7E6-4CD8-9B02-898348D0A2ED}
		{29DDA763-B940-474B-91FB-F8771225D994} = {441ADA89-31C7-47D5-A89D-2FBDB509CF80}
		{5E9494ED-AA7D-4317-8DD9-7DB9E26EE83E} = {DD4C4027-55C4-4015-AEE1-1082258EE4EE}
		{523A0FD8-3805-4509-B1CC-6D347B7EC522} = {DD4C4027-55C4-4015-AEE1-1082258EE4EE}
	EndGlobalSection
EndGlobal
